
Microsoft Visual Studio Solution File, Format Version 12.00
# Visual Studio Version 17
VisualStudioVersion = 17.9.34728.123
MinimumVisualStudioVersion = 10.0.40219.1
Project("{FAE04EC0-301F-11D3-BF4B-00C04F79EFBC}") = "HelpDeskSupportApi", "HelpDeskSupportApi\HelpDeskSupportApi.csproj", "{6A38B94E-2BBE-427E-9020-1E7AD1F84A4F}"
EndProject
Project("{FAE04EC0-301F-11D3-BF4B-00C04F79EFBC}") = "HelpDeskSupportApi.UnitTests", "HelpDeskSupportApi.UnitTests\HelpDeskSupportApi.UnitTests.csproj", "{DBB0BBE6-CEB0-493B-8914-E01815528DF2}"
EndProject
Project("{FAE04EC0-301F-11D3-BF4B-00C04F79EFBC}") = "HelpDeskSupportApi.ContractTests", "HelpDeskSupportApi.ContractTests\HelpDeskSupportApi.ContractTests.csproj", "{C590935B-9E53-4405-A308-6C4192B94CF0}"
EndProject
Global
	GlobalSection(SolutionConfigurationPlatforms) = preSolution
		Debug|Any CPU = Debug|Any CPU
		Release|Any CPU = Release|Any CPU
	EndGlobalSection
	GlobalSection(ProjectConfigurationPlatforms) = postSolution
		{6A38B94E-2BBE-427E-9020-1E7AD1F84A4F}.Debug|Any CPU.ActiveCfg = Debug|Any CPU
		{6A38B94E-2BBE-427E-9020-1E7AD1F84A4F}.Debug|Any CPU.Build.0 = Debug|Any CPU
		{6A38B94E-2BBE-427E-9020-1E7AD1F84A4F}.Release|Any CPU.ActiveCfg = Release|Any CPU
		{6A38B94E-2BBE-427E-9020-1E7AD1F84A4F}.Release|Any CPU.Build.0 = Release|Any CPU
		{DBB0BBE6-CEB0-493B-8914-E01815528DF2}.Debug|Any CPU.ActiveCfg = Debug|Any CPU
		{DBB0BBE6-CEB0-493B-8914-E01815528DF2}.Debug|Any CPU.Build.0 = Debug|Any CPU
		{DBB0BBE6-CEB0-493B-8914-E01815528DF2}.Release|Any CPU.ActiveCfg = Release|Any CPU
		{DBB0BBE6-CEB0-493B-8914-E01815528DF2}.Release|Any CPU.Build.0 = Release|Any CPU
		{C590935B-9E53-4405-A308-6C4192B94CF0}.Debug|Any CPU.ActiveCfg = Debug|Any CPU
		{C590935B-9E53-4405-A308-6C4192B94CF0}.Debug|Any CPU.Build.0 = Debug|Any CPU
		{C590935B-9E53-4405-A308-6C4192B94CF0}.Release|Any CPU.ActiveCfg = Release|Any CPU
		{C590935B-9E53-4405-A308-6C4192B94CF0}.Release|Any CPU.Build.0 = Release|Any CPU
	EndGlobalSection
	GlobalSection(SolutionProperties) = preSolution
		HideSolutionNode = FALSE
	EndGlobalSection
	GlobalSection(ExtensibilityGlobals) = postSolution
		SolutionGuid = {5FE5724A-AD2F-41DE-AF89-0D629355B523}
	EndGlobalSection
EndGlobal
